
Microsoft Visual Studio Solution File, Format Version 12.00
# Visual Studio Version 16
VisualStudioVersion = 16.0.29613.14
MinimumVisualStudioVersion = 10.0.40219.1
Project("{9A19103F-16F7-4668-BE54-9A1E7A4F7556}") = "ZeroToOverkill", "ZeroToOverkill\ZeroToOverkill.csproj", "{724291DD-19F6-4831-A5AE-83D3D8055147}"
EndProject
Project("{FAE04EC0-301F-11D3-BF4B-00C04F79EFBC}") = "Business", "Business\Business.csproj", "{2B2EA9E4-7990-4605-9218-F5E124C2E1ED}"
EndProject
Project("{FAE04EC0-301F-11D3-BF4B-00C04F79EFBC}") = "Business.Impl", "Business.Impl\Business.Impl.csproj", "{CE70A80C-A92A-4034-9E84-0D497078E7A8}"
EndProject
Global
	GlobalSection(SolutionConfigurationPlatforms) = preSolution
		Debug|Any CPU = Debug|Any CPU
		Release|Any CPU = Release|Any CPU
	EndGlobalSection
	GlobalSection(ProjectConfigurationPlatforms) = postSolution
		{724291DD-19F6-4831-A5AE-83D3D8055147}.Debug|Any CPU.ActiveCfg = Debug|Any CPU
		{724291DD-19F6-4831-A5AE-83D3D8055147}.Debug|Any CPU.Build.0 = Debug|Any CPU
		{724291DD-19F6-4831-A5AE-83D3D8055147}.Release|Any CPU.ActiveCfg = Release|Any CPU
		{724291DD-19F6-4831-A5AE-83D3D8055147}.Release|Any CPU.Build.0 = Release|Any CPU
		{2B2EA9E4-7990-4605-9218-F5E124C2E1ED}.Debug|Any CPU.ActiveCfg = Debug|Any CPU
		{2B2EA9E4-7990-4605-9218-F5E124C2E1ED}.Debug|Any CPU.Build.0 = Debug|Any CPU
		{2B2EA9E4-7990-4605-9218-F5E124C2E1ED}.Release|Any CPU.ActiveCfg = Release|Any CPU
		{2B2EA9E4-7990-4605-9218-F5E124C2E1ED}.Release|Any CPU.Build.0 = Release|Any CPU
		{CE70A80C-A92A-4034-9E84-0D497078E7A8}.Debug|Any CPU.ActiveCfg = Debug|Any CPU
		{CE70A80C-A92A-4034-9E84-0D497078E7A8}.Debug|Any CPU.Build.0 = Debug|Any CPU
		{CE70A80C-A92A-4034-9E84-0D497078E7A8}.Release|Any CPU.ActiveCfg = Release|Any CPU
		{CE70A80C-A92A-4034-9E84-0D497078E7A8}.Release|Any CPU.Build.0 = Release|Any CPU
	EndGlobalSection
	GlobalSection(SolutionProperties) = preSolution
		HideSolutionNode = FALSE
	EndGlobalSection
	GlobalSection(ExtensibilityGlobals) = postSolution
		SolutionGuid = {3E8FD9CE-0BE2-408D-BD7D-29C7191FED5D}
	EndGlobalSection
EndGlobal
